
Microsoft Visual Studio Solution File, Format Version 12.00
# Visual Studio Version 17
VisualStudioVersion = 17.0.32014.148
MinimumVisualStudioVersion = 10.0.40219.1
Project("{FAE04EC0-301F-11D3-BF4B-00C04F79EFBC}") = "WpfApp23", "WpfApp23\WpfApp23.csproj", "{26F256DC-79CA-4473-A758-D125A1EDFA90}"
EndProject
Global
	GlobalSection(SolutionConfigurationPlatforms) = preSolution
		Debug|Any CPU = Debug|Any CPU
		Release|Any CPU = Release|Any CPU
	EndGlobalSection
	GlobalSection(ProjectConfigurationPlatforms) = postSolution
		{26F256DC-79CA-4473-A758-D125A1EDFA90}.Debug|Any CPU.ActiveCfg = Debug|Any CPU
		{26F256DC-79CA-4473-A758-D125A1EDFA90}.Debug|Any CPU.Build.0 = Debug|Any CPU
		{26F256DC-79CA-4473-A758-D125A1EDFA90}.Release|Any CPU.ActiveCfg = Release|Any CPU
		{26F256DC-79CA-4473-A758-D125A1EDFA90}.Release|Any CPU.Build.0 = Release|Any CPU
	EndGlobalSection
	GlobalSection(SolutionProperties) = preSolution
		HideSolutionNode = FALSE
	EndGlobalSection
	GlobalSection(ExtensibilityGlobals) = postSolution
		SolutionGuid = {1C350DA2-DB8F-49DC-A93E-93DF78DD490F}
	EndGlobalSection
EndGlobal
